
Microsoft Visual Studio Solution File, Format Version 12.00
# Visual Studio Version 17
VisualStudioVersion = 17.6.33723.286
MinimumVisualStudioVersion = 10.0.40219.1
Project("{9A19103F-16F7-4668-BE54-9A1E7A4F7556}") = "Assignment", "Assignment\Assignment.csproj", "{673DCFCB-8E35-4204-8D74-0C74A58C84B5}"
EndProject
Project("{FAE04EC0-301F-11D3-BF4B-00C04F79EFBC}") = "AssignmentService", "AssignmentService\AssignmentService.csproj", "{528F76B9-32A4-4B26-9067-E924086D164D}"
EndProject
Project("{FAE04EC0-301F-11D3-BF4B-00C04F79EFBC}") = "AssignmentRepo", "AssignmentRepo\AssignmentRepo.csproj", "{BB88F705-048F-4C36-90D0-37066DC1E2C8}"
EndProject
Project("{FAE04EC0-301F-11D3-BF4B-00C04F79EFBC}") = "AssignmentEntity", "AssignmentEntity\AssignmentEntity.csproj", "{8D8F2F2E-A98A-4D9A-BF0C-B2E6E6A27DF1}"
EndProject
Global
	GlobalSection(SolutionConfigurationPlatforms) = preSolution
		Debug|Any CPU = Debug|Any CPU
		Release|Any CPU = Release|Any CPU
	EndGlobalSection
	GlobalSection(ProjectConfigurationPlatforms) = postSolution
		{673DCFCB-8E35-4204-8D74-0C74A58C84B5}.Debug|Any CPU.ActiveCfg = Debug|Any CPU
		{673DCFCB-8E35-4204-8D74-0C74A58C84B5}.Debug|Any CPU.Build.0 = Debug|Any CPU
		{673DCFCB-8E35-4204-8D74-0C74A58C84B5}.Release|Any CPU.ActiveCfg = Release|Any CPU
		{673DCFCB-8E35-4204-8D74-0C74A58C84B5}.Release|Any CPU.Build.0 = Release|Any CPU
		{528F76B9-32A4-4B26-9067-E924086D164D}.Debug|Any CPU.ActiveCfg = Debug|Any CPU
		{528F76B9-32A4-4B26-9067-E924086D164D}.Debug|Any CPU.Build.0 = Debug|Any CPU
		{528F76B9-32A4-4B26-9067-E924086D164D}.Release|Any CPU.ActiveCfg = Release|Any CPU
		{528F76B9-32A4-4B26-9067-E924086D164D}.Release|Any CPU.Build.0 = Release|Any CPU
		{BB88F705-048F-4C36-90D0-37066DC1E2C8}.Debug|Any CPU.ActiveCfg = Debug|Any CPU
		{BB88F705-048F-4C36-90D0-37066DC1E2C8}.Debug|Any CPU.Build.0 = Debug|Any CPU
		{BB88F705-048F-4C36-90D0-37066DC1E2C8}.Release|Any CPU.ActiveCfg = Release|Any CPU
		{BB88F705-048F-4C36-90D0-37066DC1E2C8}.Release|Any CPU.Build.0 = Release|Any CPU
		{8D8F2F2E-A98A-4D9A-BF0C-B2E6E6A27DF1}.Debug|Any CPU.ActiveCfg = Debug|Any CPU
		{8D8F2F2E-A98A-4D9A-BF0C-B2E6E6A27DF1}.Debug|Any CPU.Build.0 = Debug|Any CPU
		{8D8F2F2E-A98A-4D9A-BF0C-B2E6E6A27DF1}.Release|Any CPU.ActiveCfg = Release|Any CPU
		{8D8F2F2E-A98A-4D9A-BF0C-B2E6E6A27DF1}.Release|Any CPU.Build.0 = Release|Any CPU
	EndGlobalSection
	GlobalSection(SolutionProperties) = preSolution
		HideSolutionNode = FALSE
	EndGlobalSection
	GlobalSection(ExtensibilityGlobals) = postSolution
		SolutionGuid = {D3ACFBD2-3C02-4927-8B66-3DB8A53ADBF6}
	EndGlobalSection
EndGlobal
